
Microsoft Visual Studio Solution File, Format Version 12.00
# Visual Studio Version 16
VisualStudioVersion = 16.0.31424.327
MinimumVisualStudioVersion = 10.0.40219.1
Project("{FAE04EC0-301F-11D3-BF4B-00C04F79EFBC}") = "ExcelUpload.WebApi", "ExcelUpload.WebApi\ExcelUpload.WebApi.csproj", "{EF7788FE-935D-4A9B-8CC4-D1249E86F020}"
EndProject
Global
	GlobalSection(SolutionConfigurationPlatforms) = preSolution
		Debug|Any CPU = Debug|Any CPU
		Release|Any CPU = Release|Any CPU
	EndGlobalSection
	GlobalSection(ProjectConfigurationPlatforms) = postSolution
		{EF7788FE-935D-4A9B-8CC4-D1249E86F020}.Debug|Any CPU.ActiveCfg = Debug|Any CPU
		{EF7788FE-935D-4A9B-8CC4-D1249E86F020}.Debug|Any CPU.Build.0 = Debug|Any CPU
		{EF7788FE-935D-4A9B-8CC4-D1249E86F020}.Release|Any CPU.ActiveCfg = Release|Any CPU
		{EF7788FE-935D-4A9B-8CC4-D1249E86F020}.Release|Any CPU.Build.0 = Release|Any CPU
	EndGlobalSection
	GlobalSection(SolutionProperties) = preSolution
		HideSolutionNode = FALSE
	EndGlobalSection
	GlobalSection(ExtensibilityGlobals) = postSolution
		SolutionGuid = {CF6214B7-DD9F-4342-8972-5F02C54E7C45}
	EndGlobalSection
EndGlobal
